
Microsoft Visual Studio Solution File, Format Version 12.00
# Visual Studio Version 16
VisualStudioVersion = 16.0.31229.75
MinimumVisualStudioVersion = 10.0.40219.1
Project("{9A19103F-16F7-4668-BE54-9A1E7A4F7556}") = "SamuraiApp.Domain", "SamuraiApp.Domain\SamuraiApp.Domain.csproj", "{28B08870-9894-4794-8C02-6886D2179B6E}"
EndProject
Project("{9A19103F-16F7-4668-BE54-9A1E7A4F7556}") = "SamuraiApp.Data", "SamuraiApp.Data\SamuraiApp.Data.csproj", "{A1EA8B88-B6B4-4C4F-9484-4C45F5F6AFDD}"
EndProject
Project("{9A19103F-16F7-4668-BE54-9A1E7A4F7556}") = "SamuraiApp.UI", "SamuraiApp.UI\SamuraiApp.UI.csproj", "{2230E20A-BA45-4FCE-AFA9-5EA5CCAAD97A}"
EndProject
Project("{FAE04EC0-301F-11D3-BF4B-00C04F79EFBC}") = "SamuraiApp.Test", "SamuraiApp.Test\SamuraiApp.Test.csproj", "{8FC0B1FB-7E8B-49AA-B4A3-EFC3EF1AC185}"
EndProject
Global
	GlobalSection(SolutionConfigurationPlatforms) = preSolution
		Debug|Any CPU = Debug|Any CPU
		Release|Any CPU = Release|Any CPU
	EndGlobalSection
	GlobalSection(ProjectConfigurationPlatforms) = postSolution
		{28B08870-9894-4794-8C02-6886D2179B6E}.Debug|Any CPU.ActiveCfg = Debug|Any CPU
		{28B08870-9894-4794-8C02-6886D2179B6E}.Debug|Any CPU.Build.0 = Debug|Any CPU
		{28B08870-9894-4794-8C02-6886D2179B6E}.Release|Any CPU.ActiveCfg = Release|Any CPU
		{28B08870-9894-4794-8C02-6886D2179B6E}.Release|Any CPU.Build.0 = Release|Any CPU
		{A1EA8B88-B6B4-4C4F-9484-4C45F5F6AFDD}.Debug|Any CPU.ActiveCfg = Debug|Any CPU
		{A1EA8B88-B6B4-4C4F-9484-4C45F5F6AFDD}.Debug|Any CPU.Build.0 = Debug|Any CPU
		{A1EA8B88-B6B4-4C4F-9484-4C45F5F6AFDD}.Release|Any CPU.ActiveCfg = Release|Any CPU
		{A1EA8B88-B6B4-4C4F-9484-4C45F5F6AFDD}.Release|Any CPU.Build.0 = Release|Any CPU
		{2230E20A-BA45-4FCE-AFA9-5EA5CCAAD97A}.Debug|Any CPU.ActiveCfg = Debug|Any CPU
		{2230E20A-BA45-4FCE-AFA9-5EA5CCAAD97A}.Debug|Any CPU.Build.0 = Debug|Any CPU
		{2230E20A-BA45-4FCE-AFA9-5EA5CCAAD97A}.Release|Any CPU.ActiveCfg = Release|Any CPU
		{2230E20A-BA45-4FCE-AFA9-5EA5CCAAD97A}.Release|Any CPU.Build.0 = Release|Any CPU
		{8FC0B1FB-7E8B-49AA-B4A3-EFC3EF1AC185}.Debug|Any CPU.ActiveCfg = Debug|Any CPU
		{8FC0B1FB-7E8B-49AA-B4A3-EFC3EF1AC185}.Debug|Any CPU.Build.0 = Debug|Any CPU
		{8FC0B1FB-7E8B-49AA-B4A3-EFC3EF1AC185}.Release|Any CPU.ActiveCfg = Release|Any CPU
		{8FC0B1FB-7E8B-49AA-B4A3-EFC3EF1AC185}.Release|Any CPU.Build.0 = Release|Any CPU
	EndGlobalSection
	GlobalSection(SolutionProperties) = preSolution
		HideSolutionNode = FALSE
	EndGlobalSection
	GlobalSection(ExtensibilityGlobals) = postSolution
		SolutionGuid = {323F2880-F0AD-47DB-810E-48A098EDCF4F}
	EndGlobalSection
EndGlobal
